<?xml version="1.0" encoding="utf-8"?>
<Project ToolsVersion="4.0" xmlns="http://schemas.microsoft.com/developer/msbuild/2003">
  <ItemGroup>
    <Filter Include="Source Files">
      <UniqueIdentifier>{4FC737F1-C7A5-4376-A066-2A32D752A2FF}</UniqueIdentifier>
      <Extensions>cpp;c;cc;cxx;def;odl;idl;hpj;bat;asm;asmx</Extensions>
    </Filter>
    <Filter Include="Header Files">
      <UniqueIdentifier>{93995380-89BD-4b04-88EB-625FBE52EBFB}</UniqueIdentifier>
      <Extensions>h;hh;hpp;hxx;hm;inl;inc;xsd</Extensions>
    </Filter>
    <Filter Include="Resource Files">
      <UniqueIdentifier>{67DA6AB6-F800-4c08-8B7A-83BB121AAD01}</UniqueIdentifier>
      <Extensions>rc;ico;cur;bmp;dlg;rc2;rct;bin;rgs;gif;jpg;jpeg;jpe;resx;tiff;tif;png;wav;mfcribbon-ms</Extensions>
    </Filter>
    <Filter Include="Source Files\Engine">
      <UniqueIdentifier>{ef84315e-f827-41e0-aa6d-2f1686862161}</UniqueIdentifier>
    </Filter>
    <Filter Include="Source Files\Engine\Core">
      <UniqueIdentifier>{09c499ad-d380-4e9a-b7a1-8be2337439ed}</UniqueIdentifier>
    </Filter>
    <Filter Include="Source Files\Engine\Types">
      <UniqueIdentifier>{5dae6236-688d-46e5-b479-7a3a6679be8d}</UniqueIdentifier>
    </Filter>
    <Filter Include="Source Files\Engine\GameObject">
      <UniqueIdentifier>{8733a88f-8777-4e87-8ee0-5e4245fed19c}</UniqueIdentifier>
    </Filter>
    <Filter Include="Source Files\Engine\Scene">
      <UniqueIdentifier>{a248fcc3-b761-4049-b272-74242318e666}</UniqueIdentifier>
    </Filter>
    <Filter Include="Source Files\Engine\Components">
      <UniqueIdentifier>{04959c78-6816-4d4d-82b3-a32ab1e78bcb}</UniqueIdentifier>
    </Filter>
    <Filter Include="Source Files\Engine\Managers">
      <UniqueIdentifier>{83bf1dde-1d11-4a8a-9f2a-96a4f94f4ce4}</UniqueIdentifier>
    </Filter>
    <Filter Include="Source Files\Engine\Components\MonoBehavior">
      <UniqueIdentifier>{2e72b0b2-48c0-4b0c-afe2-ed4fcfa80dad}</UniqueIdentifier>
    </Filter>
    <Filter Include="Source Files\Engine\Components\InheritedComponents">
      <UniqueIdentifier>{90d981ba-4b33-428c-99d7-b845e3537a2d}</UniqueIdentifier>
    </Filter>
    <Filter Include="Source Files\Engine\Components\InheritedComponents\FPSComponent">
      <UniqueIdentifier>{f7945b65-f65b-4c10-8fbe-8903143d3424}</UniqueIdentifier>
    </Filter>
    <Filter Include="Source Files\Engine\Components\InheritedComponents\TextureComponent">
      <UniqueIdentifier>{2760eb51-4b0e-4ec2-95dd-f7e096134972}</UniqueIdentifier>
    </Filter>
    <Filter Include="Source Files\Engine\Components\InheritedComponents\TextComponent">
      <UniqueIdentifier>{f6a16042-0ca3-4e60-86b7-78e4f5321166}</UniqueIdentifier>
    </Filter>
    <Filter Include="Source Files\Engine\Components\InheritedComponents\RenderComponent">
      <UniqueIdentifier>{d4b29bea-dc01-4ee4-8e7b-79924bed9726}</UniqueIdentifier>
    </Filter>
    <Filter Include="Source Files\Engine\Input">
      <UniqueIdentifier>{0b3f217c-2c1a-462e-935a-5e603215826c}</UniqueIdentifier>
    </Filter>
    <Filter Include="Source Files\ImGui">
      <UniqueIdentifier>{b0f3c37a-416a-4c4a-b9a2-3038c394ee4d}</UniqueIdentifier>
    </Filter>
    <Filter Include="Source Files\Engine\Components\InheritedComponents\UIComponent">
      <UniqueIdentifier>{b300b35f-4d25-48b9-b94b-e4790e1a0174}</UniqueIdentifier>
    </Filter>
    <Filter Include="Source Files\Engine\UIElements">
      <UniqueIdentifier>{58b92346-3eb1-4691-9f69-122e21a90797}</UniqueIdentifier>
    </Filter>
    <Filter Include="Source Files\Engine\UIElements\InheritedElements">
      <UniqueIdentifier>{b00b857e-d327-4f47-ada6-efc7390e7b0c}</UniqueIdentifier>
    </Filter>
    <Filter Include="Source Files\Engine\Components\InheritedComponents\QBertComponent">
      <UniqueIdentifier>{1a1f9b87-0462-40c1-a5e2-f5ce47b40614}</UniqueIdentifier>
    </Filter>
    <Filter Include="Source Files\Engine\Components\InheritedComponents\HealthComponent">
      <UniqueIdentifier>{a3f85e8c-5b7a-4f47-8fc2-cdd1c8a81897}</UniqueIdentifier>
    </Filter>
    <Filter Include="Source Files\Engine\Observer">
      <UniqueIdentifier>{e98744d3-29a3-4fbe-bf58-73eaf9e7b589}</UniqueIdentifier>
    </Filter>
    <Filter Include="Source Files\Engine\InheritEnum">
      <UniqueIdentifier>{df7192e7-3041-4fda-ad9f-c2847a6788c5}</UniqueIdentifier>
    </Filter>
    <Filter Include="Source Files\Engine\Components\InheritedComponents\HealthObserverComponent">
      <UniqueIdentifier>{c5ad7881-ced9-4722-ae0e-3edb0e28e597}</UniqueIdentifier>
    </Filter>
  </ItemGroup>
  <ItemGroup>
    <ClInclude Include="MiniginPCH.h">
      <Filter>Header Files</Filter>
    </ClInclude>
    <ClInclude Include="MonoBehavior.h">
      <Filter>Source Files\Engine\Components\MonoBehavior</Filter>
    </ClInclude>
    <ClInclude Include="SceneObject.h">
      <Filter>Source Files\Engine\GameObject</Filter>
    </ClInclude>
    <ClInclude Include="Font.h">
      <Filter>Source Files\Engine\Types</Filter>
    </ClInclude>
    <ClInclude Include="GameObject.h">
      <Filter>Source Files\Engine\GameObject</Filter>
    </ClInclude>
    <ClInclude Include="Texture2D.h">
      <Filter>Source Files\Engine\Types</Filter>
    </ClInclude>
    <ClInclude Include="Transform.h">
      <Filter>Source Files\Engine\Types</Filter>
    </ClInclude>
    <ClInclude Include="TextObject.h">
      <Filter>Source Files</Filter>
    </ClInclude>
    <ClInclude Include="Scene.h">
      <Filter>Source Files\Engine\Scene</Filter>
    </ClInclude>
    <ClInclude Include="TextureComponent.h">
      <Filter>Source Files\Engine\Components\InheritedComponents\TextureComponent</Filter>
    </ClInclude>
    <ClInclude Include="TextComponent.h">
      <Filter>Source Files\Engine\Components\InheritedComponents\TextComponent</Filter>
    </ClInclude>
    <ClInclude Include="FPSComponent.h">
      <Filter>Source Files\Engine\Components\InheritedComponents\FPSComponent</Filter>
    </ClInclude>
    <ClInclude Include="Minigin.h">
      <Filter>Source Files</Filter>
    </ClInclude>
    <ClInclude Include="RenderComponent2D.h">
      <Filter>Source Files\Engine\Components\InheritedComponents\RenderComponent</Filter>
    </ClInclude>
    <ClInclude Include="InputManager.h">
      <Filter>Source Files\Engine\Managers</Filter>
    </ClInclude>
    <ClInclude Include="Renderer.h">
      <Filter>Source Files\Engine\Managers</Filter>
    </ClInclude>
    <ClInclude Include="ResourceManager.h">
      <Filter>Source Files\Engine\Managers</Filter>
    </ClInclude>
    <ClInclude Include="SceneManager.h">
      <Filter>Source Files\Engine\Managers</Filter>
    </ClInclude>
    <ClInclude Include="Timer.h">
      <Filter>Source Files\Engine\Managers</Filter>
    </ClInclude>
    <ClInclude Include="Controller.h">
      <Filter>Source Files\Engine\Input</Filter>
    </ClInclude>
    <ClInclude Include="Command.h">
      <Filter>Source Files\Engine\Input</Filter>
    </ClInclude>
    <ClInclude Include="..\3rdParty\imgui-1.81\imconfig.h">
      <Filter>Source Files\ImGui</Filter>
    </ClInclude>
    <ClInclude Include="..\3rdParty\imgui-1.81\imgui.h">
      <Filter>Source Files\ImGui</Filter>
    </ClInclude>
    <ClInclude Include="..\3rdParty\imgui-1.81\imgui_internal.h">
      <Filter>Source Files\ImGui</Filter>
    </ClInclude>
    <ClInclude Include="..\3rdParty\imgui-1.81\imstb_rectpack.h">
      <Filter>Source Files\ImGui</Filter>
    </ClInclude>
    <ClInclude Include="..\3rdParty\imgui-1.81\imstb_textedit.h">
      <Filter>Source Files\ImGui</Filter>
    </ClInclude>
    <ClInclude Include="..\3rdParty\imgui-1.81\imstb_truetype.h">
      <Filter>Source Files\ImGui</Filter>
    </ClInclude>
    <ClInclude Include="..\3rdParty\imgui-1.81\backends\imgui_impl_opengl2.h">
      <Filter>Source Files\ImGui</Filter>
    </ClInclude>
    <ClInclude Include="..\3rdParty\imgui-1.81\backends\imgui_impl_sdl.h">
      <Filter>Source Files\ImGui</Filter>
    </ClInclude>
    <ClInclude Include="Singleton.h">
      <Filter>Source Files\Engine\Core</Filter>
    </ClInclude>
    <ClInclude Include="RenderComponentUI.h">
      <Filter>Source Files\Engine\Components\InheritedComponents\UIComponent</Filter>
    </ClInclude>
    <ClInclude Include="UIElement.h">
      <Filter>Source Files\Engine\UIElements</Filter>
    </ClInclude>
    <ClInclude Include="UIButton.h">
      <Filter>Source Files\Engine\UIElements\InheritedElements</Filter>
    </ClInclude>
    <ClInclude Include="HealthComponent.h">
      <Filter>Source Files\Engine\Components\InheritedComponents\HealthComponent</Filter>
    </ClInclude>
    <ClInclude Include="Observer.h">
      <Filter>Source Files\Engine\Observer</Filter>
    </ClInclude>
    <ClInclude Include="InheritEnum.h">
      <Filter>Source Files\Engine\InheritEnum</Filter>
    </ClInclude>
    <ClInclude Include="Subject.h">
      <Filter>Source Files\Engine\Observer</Filter>
    </ClInclude>
    <ClInclude Include="HealthObserverComponent.h">
      <Filter>Source Files\Engine\Components\InheritedComponents\HealthObserverComponent</Filter>
    </ClInclude>
  </ItemGroup>
  <ItemGroup>
    <ClCompile Include="MiniginPCH.cpp">
      <Filter>Source Files</Filter>
    </ClCompile>
    <ClCompile Include="MonoBehavior.cpp">
      <Filter>Source Files\Engine\Components\MonoBehavior</Filter>
    </ClCompile>
    <ClCompile Include="Main.cpp">
      <Filter>Source Files</Filter>
    </ClCompile>
    <ClCompile Include="Font.cpp">
      <Filter>Source Files\Engine\Types</Filter>
    </ClCompile>
    <ClCompile Include="GameObject.cpp">
      <Filter>Source Files\Engine\GameObject</Filter>
    </ClCompile>
    <ClCompile Include="Texture2D.cpp">
      <Filter>Source Files\Engine\Types</Filter>
    </ClCompile>
    <ClCompile Include="Transform.cpp">
      <Filter>Source Files\Engine\Types</Filter>
    </ClCompile>
    <ClCompile Include="TextObject.cpp">
      <Filter>Source Files</Filter>
    </ClCompile>
    <ClCompile Include="Scene.cpp">
      <Filter>Source Files\Engine\Scene</Filter>
    </ClCompile>
    <ClCompile Include="TextureComponent.cpp">
      <Filter>Source Files\Engine\Components\InheritedComponents\TextureComponent</Filter>
    </ClCompile>
    <ClCompile Include="TextComponent.cpp">
      <Filter>Source Files\Engine\Components\InheritedComponents\TextComponent</Filter>
    </ClCompile>
    <ClCompile Include="FPSComponent.cpp">
      <Filter>Source Files\Engine\Components\InheritedComponents\FPSComponent</Filter>
    </ClCompile>
    <ClCompile Include="Minigin.cpp">
      <Filter>Source Files</Filter>
    </ClCompile>
    <ClCompile Include="RenderComponent2D.cpp">
      <Filter>Source Files\Engine\Components\InheritedComponents\RenderComponent</Filter>
    </ClCompile>
    <ClCompile Include="InputManager.cpp">
      <Filter>Source Files\Engine\Managers</Filter>
    </ClCompile>
    <ClCompile Include="Renderer.cpp">
      <Filter>Source Files\Engine\Managers</Filter>
    </ClCompile>
    <ClCompile Include="ResourceManager.cpp">
      <Filter>Source Files\Engine\Managers</Filter>
    </ClCompile>
    <ClCompile Include="SceneManager.cpp">
      <Filter>Source Files\Engine\Managers</Filter>
    </ClCompile>
    <ClCompile Include="Timer.cpp">
      <Filter>Source Files\Engine\Managers</Filter>
    </ClCompile>
    <ClCompile Include="Command.cpp">
      <Filter>Source Files\Engine\Input</Filter>
    </ClCompile>
    <ClCompile Include="Controller.cpp">
      <Filter>Source Files\Engine\Input</Filter>
    </ClCompile>
    <ClCompile Include="..\3rdParty\imgui-1.81\imgui.cpp">
      <Filter>Source Files\ImGui</Filter>
    </ClCompile>
    <ClCompile Include="..\3rdParty\imgui-1.81\imgui_demo.cpp">
      <Filter>Source Files\ImGui</Filter>
    </ClCompile>
    <ClCompile Include="..\3rdParty\imgui-1.81\imgui_draw.cpp">
      <Filter>Source Files\ImGui</Filter>
    </ClCompile>
    <ClCompile Include="..\3rdParty\imgui-1.81\imgui_tables.cpp">
      <Filter>Source Files\ImGui</Filter>
    </ClCompile>
    <ClCompile Include="..\3rdParty\imgui-1.81\imgui_widgets.cpp">
      <Filter>Source Files\ImGui</Filter>
    </ClCompile>
    <ClCompile Include="..\3rdParty\imgui-1.81\backends\imgui_impl_opengl2.cpp">
      <Filter>Source Files\ImGui</Filter>
    </ClCompile>
    <ClCompile Include="..\3rdParty\imgui-1.81\backends\imgui_impl_sdl.cpp">
      <Filter>Source Files\ImGui</Filter>
    </ClCompile>
    <ClCompile Include="RenderComponentUI.cpp">
      <Filter>Source Files\Engine\Components\InheritedComponents\UIComponent</Filter>
    </ClCompile>
    <ClCompile Include="UIElement.cpp">
      <Filter>Source Files\Engine\UIElements</Filter>
    </ClCompile>
    <ClCompile Include="UIButton.cpp">
      <Filter>Source Files\Engine\UIElements\InheritedElements</Filter>
    </ClCompile>
    <ClCompile Include="HealthComponent.cpp">
      <Filter>Source Files\Engine\Components\InheritedComponents\HealthComponent</Filter>
    </ClCompile>
    <ClCompile Include="Observer.cpp">
      <Filter>Source Files\Engine\Observer</Filter>
    </ClCompile>
    <ClCompile Include="InheritEnum.cpp">
      <Filter>Source Files\Engine\InheritEnum</Filter>
    </ClCompile>
    <ClCompile Include="Subject.cpp">
      <Filter>Source Files\Engine\Observer</Filter>
    </ClCompile>
    <ClCompile Include="HealthObserverComponent.cpp">
      <Filter>Source Files\Engine\Components\InheritedComponents\HealthObserverComponent</Filter>
    </ClCompile>
  </ItemGroup>
</Project>